
Microsoft Visual Studio Solution File, Format Version 12.00
# Visual Studio 2015
Project("{FAE04EC0-301F-11D3-BF4B-00C04F79EFBC}") = "TrenchWars_Beta.Plugins", "TrenchWars_Beta.Plugins.csproj", "{1D6FABE3-36E3-94B8-B29C-A8D50ABE2245}"
EndProject
Project("{FAE04EC0-301F-11D3-BF4B-00C04F79EFBC}") = "TrenchWars_Beta", "TrenchWars_Beta.csproj", "{6543B88D-7561-25D1-40BD-21C4D62D36C6}"
EndProject
Project("{FAE04EC0-301F-11D3-BF4B-00C04F79EFBC}") = "TrenchWars_Beta.Editor.Plugins", "TrenchWars_Beta.Editor.Plugins.csproj", "{94E2ABF4-93E8-DDAA-0B21-C99C7A1E5682}"
EndProject
Project("{FAE04EC0-301F-11D3-BF4B-00C04F79EFBC}") = "TrenchWars_Beta.Editor", "TrenchWars_Beta.Editor.csproj", "{402DABF4-BBDE-97BB-A926-47D4837BB9BB}"
EndProject
Global
	GlobalSection(SolutionConfigurationPlatforms) = preSolution
		Debug|Any CPU = Debug|Any CPU
		Release|Any CPU = Release|Any CPU
	EndGlobalSection
	GlobalSection(ProjectConfigurationPlatforms) = postSolution
		{1D6FABE3-36E3-94B8-B29C-A8D50ABE2245}.Debug|Any CPU.ActiveCfg = Debug|Any CPU
		{1D6FABE3-36E3-94B8-B29C-A8D50ABE2245}.Debug|Any CPU.Build.0 = Debug|Any CPU
		{1D6FABE3-36E3-94B8-B29C-A8D50ABE2245}.Release|Any CPU.ActiveCfg = Release|Any CPU
		{1D6FABE3-36E3-94B8-B29C-A8D50ABE2245}.Release|Any CPU.Build.0 = Release|Any CPU
		{6543B88D-7561-25D1-40BD-21C4D62D36C6}.Debug|Any CPU.ActiveCfg = Debug|Any CPU
		{6543B88D-7561-25D1-40BD-21C4D62D36C6}.Debug|Any CPU.Build.0 = Debug|Any CPU
		{6543B88D-7561-25D1-40BD-21C4D62D36C6}.Release|Any CPU.ActiveCfg = Release|Any CPU
		{6543B88D-7561-25D1-40BD-21C4D62D36C6}.Release|Any CPU.Build.0 = Release|Any CPU
		{94E2ABF4-93E8-DDAA-0B21-C99C7A1E5682}.Debug|Any CPU.ActiveCfg = Debug|Any CPU
		{94E2ABF4-93E8-DDAA-0B21-C99C7A1E5682}.Debug|Any CPU.Build.0 = Debug|Any CPU
		{94E2ABF4-93E8-DDAA-0B21-C99C7A1E5682}.Release|Any CPU.ActiveCfg = Release|Any CPU
		{94E2ABF4-93E8-DDAA-0B21-C99C7A1E5682}.Release|Any CPU.Build.0 = Release|Any CPU
		{402DABF4-BBDE-97BB-A926-47D4837BB9BB}.Debug|Any CPU.ActiveCfg = Debug|Any CPU
		{402DABF4-BBDE-97BB-A926-47D4837BB9BB}.Debug|Any CPU.Build.0 = Debug|Any CPU
		{402DABF4-BBDE-97BB-A926-47D4837BB9BB}.Release|Any CPU.ActiveCfg = Release|Any CPU
		{402DABF4-BBDE-97BB-A926-47D4837BB9BB}.Release|Any CPU.Build.0 = Release|Any CPU
	EndGlobalSection
	GlobalSection(SolutionProperties) = preSolution
		HideSolutionNode = FALSE
	EndGlobalSection
EndGlobal
